
Microsoft Visual Studio Solution File, Format Version 12.00
# Visual Studio Express 2012 for Windows Desktop
Project("{FAE04EC0-301F-11D3-BF4B-00C04F79EFBC}") = "GeradorDeLetreiros", "GeradorDeLetreiros.csproj", "{D26C020B-9CE4-47AF-B5EE-13C5249EEB15}"
EndProject
Global
	GlobalSection(SolutionConfigurationPlatforms) = preSolution
		Debug|Any CPU = Debug|Any CPU
		Release|Any CPU = Release|Any CPU
	EndGlobalSection
	GlobalSection(ProjectConfigurationPlatforms) = postSolution
		{D26C020B-9CE4-47AF-B5EE-13C5249EEB15}.Debug|Any CPU.ActiveCfg = Debug|Any CPU
		{D26C020B-9CE4-47AF-B5EE-13C5249EEB15}.Debug|Any CPU.Build.0 = Debug|Any CPU
		{D26C020B-9CE4-47AF-B5EE-13C5249EEB15}.Release|Any CPU.ActiveCfg = Release|Any CPU
		{D26C020B-9CE4-47AF-B5EE-13C5249EEB15}.Release|Any CPU.Build.0 = Release|Any CPU
	EndGlobalSection
	GlobalSection(SolutionProperties) = preSolution
		HideSolutionNode = FALSE
	EndGlobalSection
EndGlobal
